
Microsoft Visual Studio Solution File, Format Version 12.00
# Visual Studio Version 17
VisualStudioVersion = 17.4.33122.133
MinimumVisualStudioVersion = 10.0.40219.1
Project("{FAE04EC0-301F-11D3-BF4B-00C04F79EFBC}") = "Lms.Api", "Lms.Api\Lms.Api.csproj", "{B48D5F80-C778-41B4-9175-DE1E47B21C18}"
EndProject
Project("{FAE04EC0-301F-11D3-BF4B-00C04F79EFBC}") = "Lms.Core", "Lms.Core\Lms.Core.csproj", "{A005D8F9-C6C5-4D51-907D-85EBA991186F}"
EndProject
Project("{FAE04EC0-301F-11D3-BF4B-00C04F79EFBC}") = "Lms.Data", "Lms.Data\Lms.Data.csproj", "{0628A4F5-762A-43E3-BEA1-AD1A34FFA134}"
EndProject
Global
	GlobalSection(SolutionConfigurationPlatforms) = preSolution
		Debug|Any CPU = Debug|Any CPU
		Release|Any CPU = Release|Any CPU
	EndGlobalSection
	GlobalSection(ProjectConfigurationPlatforms) = postSolution
		{B48D5F80-C778-41B4-9175-DE1E47B21C18}.Debug|Any CPU.ActiveCfg = Debug|Any CPU
		{B48D5F80-C778-41B4-9175-DE1E47B21C18}.Debug|Any CPU.Build.0 = Debug|Any CPU
		{B48D5F80-C778-41B4-9175-DE1E47B21C18}.Release|Any CPU.ActiveCfg = Release|Any CPU
		{B48D5F80-C778-41B4-9175-DE1E47B21C18}.Release|Any CPU.Build.0 = Release|Any CPU
		{A005D8F9-C6C5-4D51-907D-85EBA991186F}.Debug|Any CPU.ActiveCfg = Debug|Any CPU
		{A005D8F9-C6C5-4D51-907D-85EBA991186F}.Debug|Any CPU.Build.0 = Debug|Any CPU
		{A005D8F9-C6C5-4D51-907D-85EBA991186F}.Release|Any CPU.ActiveCfg = Release|Any CPU
		{A005D8F9-C6C5-4D51-907D-85EBA991186F}.Release|Any CPU.Build.0 = Release|Any CPU
		{0628A4F5-762A-43E3-BEA1-AD1A34FFA134}.Debug|Any CPU.ActiveCfg = Debug|Any CPU
		{0628A4F5-762A-43E3-BEA1-AD1A34FFA134}.Debug|Any CPU.Build.0 = Debug|Any CPU
		{0628A4F5-762A-43E3-BEA1-AD1A34FFA134}.Release|Any CPU.ActiveCfg = Release|Any CPU
		{0628A4F5-762A-43E3-BEA1-AD1A34FFA134}.Release|Any CPU.Build.0 = Release|Any CPU
	EndGlobalSection
	GlobalSection(SolutionProperties) = preSolution
		HideSolutionNode = FALSE
	EndGlobalSection
	GlobalSection(ExtensibilityGlobals) = postSolution
		SolutionGuid = {B3BCB14A-39A5-4AB7-882D-7EAE28E2E9B3}
	EndGlobalSection
EndGlobal
