
Microsoft Visual Studio Solution File, Format Version 12.00
# Visual Studio Version 17
VisualStudioVersion = 17.4.33122.133
MinimumVisualStudioVersion = 10.0.40219.1
Project("{9A19103F-16F7-4668-BE54-9A1E7A4F7556}") = "Lms.Api", "Lms.Api\Lms.Api.csproj", "{B48D5F80-C778-41B4-9175-DE1E47B21C18}"
EndProject
Project("{9A19103F-16F7-4668-BE54-9A1E7A4F7556}") = "Lms.Core", "Lms.Core\Lms.Core.csproj", "{A005D8F9-C6C5-4D51-907D-85EBA991186F}"
EndProject
Project("{9A19103F-16F7-4668-BE54-9A1E7A4F7556}") = "Lms.Data", "Lms.Data\Lms.Data.csproj", "{0628A4F5-762A-43E3-BEA1-AD1A34FFA134}"
EndProject
Project("{2150E333-8FDC-42A3-9474-1A3956D46DE8}") = "Solution Items", "Solution Items", "{EECB8B26-AAD9-4DBB-85E7-7CF77C9D5218}"
	ProjectSection(SolutionItems) = preProject
		todo.txt = todo.txt
	EndProjectSection
EndProject
Project("{FAE04EC0-301F-11D3-BF4B-00C04F79EFBC}") = "Lms.Client", "Lms.Client\Lms.Client.csproj", "{8D7F93F5-2017-44E1-AFF9-F54557DDAD1E}"
EndProject
Project("{FAE04EC0-301F-11D3-BF4B-00C04F79EFBC}") = "Lms.Common", "Lms.Common\Lms.Common.csproj", "{342E584D-D1A3-4F52-89D4-902D90E6D026}"
EndProject
Global
	GlobalSection(SolutionConfigurationPlatforms) = preSolution
		Debug|Any CPU = Debug|Any CPU
		Release|Any CPU = Release|Any CPU
	EndGlobalSection
	GlobalSection(ProjectConfigurationPlatforms) = postSolution
		{B48D5F80-C778-41B4-9175-DE1E47B21C18}.Debug|Any CPU.ActiveCfg = Debug|Any CPU
		{B48D5F80-C778-41B4-9175-DE1E47B21C18}.Debug|Any CPU.Build.0 = Debug|Any CPU
		{B48D5F80-C778-41B4-9175-DE1E47B21C18}.Release|Any CPU.ActiveCfg = Release|Any CPU
		{B48D5F80-C778-41B4-9175-DE1E47B21C18}.Release|Any CPU.Build.0 = Release|Any CPU
		{A005D8F9-C6C5-4D51-907D-85EBA991186F}.Debug|Any CPU.ActiveCfg = Debug|Any CPU
		{A005D8F9-C6C5-4D51-907D-85EBA991186F}.Debug|Any CPU.Build.0 = Debug|Any CPU
		{A005D8F9-C6C5-4D51-907D-85EBA991186F}.Release|Any CPU.ActiveCfg = Release|Any CPU
		{A005D8F9-C6C5-4D51-907D-85EBA991186F}.Release|Any CPU.Build.0 = Release|Any CPU
		{0628A4F5-762A-43E3-BEA1-AD1A34FFA134}.Debug|Any CPU.ActiveCfg = Debug|Any CPU
		{0628A4F5-762A-43E3-BEA1-AD1A34FFA134}.Debug|Any CPU.Build.0 = Debug|Any CPU
		{0628A4F5-762A-43E3-BEA1-AD1A34FFA134}.Release|Any CPU.ActiveCfg = Release|Any CPU
		{0628A4F5-762A-43E3-BEA1-AD1A34FFA134}.Release|Any CPU.Build.0 = Release|Any CPU
		{8D7F93F5-2017-44E1-AFF9-F54557DDAD1E}.Debug|Any CPU.ActiveCfg = Debug|Any CPU
		{8D7F93F5-2017-44E1-AFF9-F54557DDAD1E}.Debug|Any CPU.Build.0 = Debug|Any CPU
		{8D7F93F5-2017-44E1-AFF9-F54557DDAD1E}.Release|Any CPU.ActiveCfg = Release|Any CPU
		{8D7F93F5-2017-44E1-AFF9-F54557DDAD1E}.Release|Any CPU.Build.0 = Release|Any CPU
		{342E584D-D1A3-4F52-89D4-902D90E6D026}.Debug|Any CPU.ActiveCfg = Debug|Any CPU
		{342E584D-D1A3-4F52-89D4-902D90E6D026}.Debug|Any CPU.Build.0 = Debug|Any CPU
		{342E584D-D1A3-4F52-89D4-902D90E6D026}.Release|Any CPU.ActiveCfg = Release|Any CPU
		{342E584D-D1A3-4F52-89D4-902D90E6D026}.Release|Any CPU.Build.0 = Release|Any CPU
	EndGlobalSection
	GlobalSection(SolutionProperties) = preSolution
		HideSolutionNode = FALSE
	EndGlobalSection
	GlobalSection(ExtensibilityGlobals) = postSolution
		SolutionGuid = {B3BCB14A-39A5-4AB7-882D-7EAE28E2E9B3}
	EndGlobalSection
EndGlobal
